PODS:
  - FlutterMacOS (1.0.0)
  - notepad_core (0.0.1)
  - notepad_core_macos (0.0.1):
    - FlutterMacOS

DEPENDENCIES:
  - FlutterMacOS (from `Flutter/ephemeral/.symlinks/flutter/darwin-x64`)
  - notepad_core (from `Flutter/ephemeral/.symlinks/plugins/notepad_core/macos`)
  - notepad_core_macos (from `Flutter/ephemeral/.symlinks/plugins/notepad_core_macos/macos`)

EXTERNAL SOURCES:
  FlutterMacOS:
    :path: Flutter/ephemeral/.symlinks/flutter/darwin-x64
  notepad_core:
    :path: Flutter/ephemeral/.symlinks/plugins/notepad_core/macos
  notepad_core_macos:
    :path: Flutter/ephemeral/.symlinks/plugins/notepad_core_macos/macos

SPEC CHECKSUMS:
  FlutterMacOS: 15bea8a44d2fa024068daa0140371c020b4b6ff9
  notepad_core: 06240e5f1f8c1bd84149c11f82e616f66f051259
  notepad_core_macos: bef0b6086e8ef5bb5a372956993b302245ae7f81

PODFILE CHECKSUM: d8ba9b3e9e93c62c74a660b46c6fcb09f03991a7

COCOAPODS: 1.8.4
